
Microsoft Visual Studio Solution File, Format Version 12.00
# Visual Studio 15
VisualStudioVersion = 15.0.27130.2027
MinimumVisualStudioVersion = 10.0.40219.1
Project("{FAE04EC0-301F-11D3-BF4B-00C04F79EFBC}") = "ASP_Build1", "ASP_Build1.csproj", "{A293A4BF-339B-470F-A5CF-BD86C01C40D1}"
EndProject
Project("{FAE04EC0-301F-11D3-BF4B-00C04F79EFBC}") = "Develop_testing", "..\..\Development_testing\Develop_testing\Develop_testing.csproj", "{2AEE25B7-3870-4B5C-B904-789585562AAE}"
EndProject
Global
	GlobalSection(SolutionConfigurationPlatforms) = preSolution
		Debug|Any CPU = Debug|Any CPU
		Release|Any CPU = Release|Any CPU
	EndGlobalSection
	GlobalSection(ProjectConfigurationPlatforms) = postSolution
		{A293A4BF-339B-470F-A5CF-BD86C01C40D1}.Debug|Any CPU.ActiveCfg = Debug|Any CPU
		{A293A4BF-339B-470F-A5CF-BD86C01C40D1}.Debug|Any CPU.Build.0 = Debug|Any CPU
		{A293A4BF-339B-470F-A5CF-BD86C01C40D1}.Release|Any CPU.ActiveCfg = Release|Any CPU
		{A293A4BF-339B-470F-A5CF-BD86C01C40D1}.Release|Any CPU.Build.0 = Release|Any CPU
		{2AEE25B7-3870-4B5C-B904-789585562AAE}.Debug|Any CPU.ActiveCfg = Debug|Any CPU
		{2AEE25B7-3870-4B5C-B904-789585562AAE}.Debug|Any CPU.Build.0 = Debug|Any CPU
		{2AEE25B7-3870-4B5C-B904-789585562AAE}.Release|Any CPU.ActiveCfg = Release|Any CPU
		{2AEE25B7-3870-4B5C-B904-789585562AAE}.Release|Any CPU.Build.0 = Release|Any CPU
	EndGlobalSection
	GlobalSection(SolutionProperties) = preSolution
		HideSolutionNode = FALSE
	EndGlobalSection
	GlobalSection(ExtensibilityGlobals) = postSolution
		SolutionGuid = {C344196A-4210-4175-A558-B42EF7A5BE4E}
	EndGlobalSection
EndGlobal
