
Microsoft Visual Studio Solution File, Format Version 12.00
# Visual Studio 15
VisualStudioVersion = 15.0.27130.2026
MinimumVisualStudioVersion = 10.0.40219.1
Project("{FAE04EC0-301F-11D3-BF4B-00C04F79EFBC}") = "SamsClub", "SamsClub.csproj", "{57729E38-E8FE-4D8A-AAA2-98BE7D31BE7F}"
EndProject
Global
	GlobalSection(SolutionConfigurationPlatforms) = preSolution
		Debug|Any CPU = Debug|Any CPU
		Release|Any CPU = Release|Any CPU
	EndGlobalSection
	GlobalSection(ProjectConfigurationPlatforms) = postSolution
		{57729E38-E8FE-4D8A-AAA2-98BE7D31BE7F}.Debug|Any CPU.ActiveCfg = Debug|Any CPU
		{57729E38-E8FE-4D8A-AAA2-98BE7D31BE7F}.Debug|Any CPU.Build.0 = Debug|Any CPU
		{57729E38-E8FE-4D8A-AAA2-98BE7D31BE7F}.Release|Any CPU.ActiveCfg = Release|Any CPU
		{57729E38-E8FE-4D8A-AAA2-98BE7D31BE7F}.Release|Any CPU.Build.0 = Release|Any CPU
	EndGlobalSection
	GlobalSection(SolutionProperties) = preSolution
		HideSolutionNode = FALSE
	EndGlobalSection
	GlobalSection(ExtensibilityGlobals) = postSolution
		SolutionGuid = {016111AA-4595-416B-9ED5-0BC0789DFE0A}
	EndGlobalSection
EndGlobal
